
Microsoft Visual Studio Solution File, Format Version 12.00
# Visual Studio Version 17
VisualStudioVersion = 17.0.31903.59
MinimumVisualStudioVersion = 10.0.40219.1
Project("{FAE04EC0-301F-11D3-BF4B-00C04F79EFBC}") = "ButtonShop.Application.UnitTests", "ButtonShop.Application.UnitTests\ButtonShop.Application.UnitTests.csproj", "{F0499FA8-BE5D-4120-B18F-936498F859E4}"
EndProject
Project("{FAE04EC0-301F-11D3-BF4B-00C04F79EFBC}") = "ButtonShop.Domain.UnitTests", "ButtonShop.Domain.UnitTests\ButtonShop.Domain.UnitTests.csproj", "{95DEC577-5881-4AA9-B660-D88BAE239CEB}"
EndProject
Project("{FAE04EC0-301F-11D3-BF4B-00C04F79EFBC}") = "ButtonShop.Infrastructure.UnitTests", "ButtonShop.Infrastructure.UnitTests\ButtonShop.Infrastructure.UnitTests.csproj", "{EEB93342-48C2-45BA-952C-BE9B5AB7A923}"
EndProject
Project("{FAE04EC0-301F-11D3-BF4B-00C04F79EFBC}") = "ButtonShop.WebApi", "..\src\WebApi\ButtonShop.WebApi.csproj", "{20A8D9A5-B6BC-4274-AD97-F6CD30AA9950}"
EndProject
Project("{FAE04EC0-301F-11D3-BF4B-00C04F79EFBC}") = "ButtonShop.Application", "..\src\Application\ButtonShop.Application.csproj", "{418F066B-0980-4B3C-82AE-CA0FA59C5D5A}"
EndProject
Project("{FAE04EC0-301F-11D3-BF4B-00C04F79EFBC}") = "ButtonShop.Domain", "..\src\Domain\ButtonShop.Domain.csproj", "{E32014DB-4EA6-4244-93AB-15B38B028675}"
EndProject
Project("{FAE04EC0-301F-11D3-BF4B-00C04F79EFBC}") = "ButtonShop.Infrastructure", "..\src\Infrastructure\ButtonShop.Infrastructure.csproj", "{276181A5-5C07-4EDB-9300-BB5367FB8960}"
EndProject
Project("{FAE04EC0-301F-11D3-BF4B-00C04F79EFBC}") = "ButtonShop.IntegrationTests", "ButtonShop.IntegrationTests\ButtonShop.IntegrationTests.csproj", "{04BAC477-BE67-436A-AA65-1B8157228ABF}"
EndProject
Project("{FAE04EC0-301F-11D3-BF4B-00C04F79EFBC}") = "ButtonShop.LoadTests", "ButtonShop.LoadTests\ButtonShop.LoadTests.csproj", "{15741778-6F62-4796-A502-ABBD75A1672C}"
EndProject
Global
	GlobalSection(SolutionConfigurationPlatforms) = preSolution
		Debug|Any CPU = Debug|Any CPU
		Debug|x64 = Debug|x64
		Debug|x86 = Debug|x86
		Release|Any CPU = Release|Any CPU
		Release|x64 = Release|x64
		Release|x86 = Release|x86
	EndGlobalSection
	GlobalSection(ProjectConfigurationPlatforms) = postSolution
		{F0499FA8-BE5D-4120-B18F-936498F859E4}.Debug|Any CPU.ActiveCfg = Debug|Any CPU
		{F0499FA8-BE5D-4120-B18F-936498F859E4}.Debug|Any CPU.Build.0 = Debug|Any CPU
		{F0499FA8-BE5D-4120-B18F-936498F859E4}.Debug|x64.ActiveCfg = Debug|Any CPU
		{F0499FA8-BE5D-4120-B18F-936498F859E4}.Debug|x64.Build.0 = Debug|Any CPU
		{F0499FA8-BE5D-4120-B18F-936498F859E4}.Debug|x86.ActiveCfg = Debug|Any CPU
		{F0499FA8-BE5D-4120-B18F-936498F859E4}.Debug|x86.Build.0 = Debug|Any CPU
		{F0499FA8-BE5D-4120-B18F-936498F859E4}.Release|Any CPU.ActiveCfg = Release|Any CPU
		{F0499FA8-BE5D-4120-B18F-936498F859E4}.Release|Any CPU.Build.0 = Release|Any CPU
		{F0499FA8-BE5D-4120-B18F-936498F859E4}.Release|x64.ActiveCfg = Release|Any CPU
		{F0499FA8-BE5D-4120-B18F-936498F859E4}.Release|x64.Build.0 = Release|Any CPU
		{F0499FA8-BE5D-4120-B18F-936498F859E4}.Release|x86.ActiveCfg = Release|Any CPU
		{F0499FA8-BE5D-4120-B18F-936498F859E4}.Release|x86.Build.0 = Release|Any CPU
		{95DEC577-5881-4AA9-B660-D88BAE239CEB}.Debug|Any CPU.ActiveCfg = Debug|Any CPU
		{95DEC577-5881-4AA9-B660-D88BAE239CEB}.Debug|Any CPU.Build.0 = Debug|Any CPU
		{95DEC577-5881-4AA9-B660-D88BAE239CEB}.Debug|x64.ActiveCfg = Debug|Any CPU
		{95DEC577-5881-4AA9-B660-D88BAE239CEB}.Debug|x64.Build.0 = Debug|Any CPU
		{95DEC577-5881-4AA9-B660-D88BAE239CEB}.Debug|x86.ActiveCfg = Debug|Any CPU
		{95DEC577-5881-4AA9-B660-D88BAE239CEB}.Debug|x86.Build.0 = Debug|Any CPU
		{95DEC577-5881-4AA9-B660-D88BAE239CEB}.Release|Any CPU.ActiveCfg = Release|Any CPU
		{95DEC577-5881-4AA9-B660-D88BAE239CEB}.Release|Any CPU.Build.0 = Release|Any CPU
		{95DEC577-5881-4AA9-B660-D88BAE239CEB}.Release|x64.ActiveCfg = Release|Any CPU
		{95DEC577-5881-4AA9-B660-D88BAE239CEB}.Release|x64.Build.0 = Release|Any CPU
		{95DEC577-5881-4AA9-B660-D88BAE239CEB}.Release|x86.ActiveCfg = Release|Any CPU
		{95DEC577-5881-4AA9-B660-D88BAE239CEB}.Release|x86.Build.0 = Release|Any CPU
		{EEB93342-48C2-45BA-952C-BE9B5AB7A923}.Debug|Any CPU.ActiveCfg = Debug|Any CPU
		{EEB93342-48C2-45BA-952C-BE9B5AB7A923}.Debug|Any CPU.Build.0 = Debug|Any CPU
		{EEB93342-48C2-45BA-952C-BE9B5AB7A923}.Debug|x64.ActiveCfg = Debug|Any CPU
		{EEB93342-48C2-45BA-952C-BE9B5AB7A923}.Debug|x64.Build.0 = Debug|Any CPU
		{EEB93342-48C2-45BA-952C-BE9B5AB7A923}.Debug|x86.ActiveCfg = Debug|Any CPU
		{EEB93342-48C2-45BA-952C-BE9B5AB7A923}.Debug|x86.Build.0 = Debug|Any CPU
		{EEB93342-48C2-45BA-952C-BE9B5AB7A923}.Release|Any CPU.ActiveCfg = Release|Any CPU
		{EEB93342-48C2-45BA-952C-BE9B5AB7A923}.Release|Any CPU.Build.0 = Release|Any CPU
		{EEB93342-48C2-45BA-952C-BE9B5AB7A923}.Release|x64.ActiveCfg = Release|Any CPU
		{EEB93342-48C2-45BA-952C-BE9B5AB7A923}.Release|x64.Build.0 = Release|Any CPU
		{EEB93342-48C2-45BA-952C-BE9B5AB7A923}.Release|x86.ActiveCfg = Release|Any CPU
		{EEB93342-48C2-45BA-952C-BE9B5AB7A923}.Release|x86.Build.0 = Release|Any CPU
		{20A8D9A5-B6BC-4274-AD97-F6CD30AA9950}.Debug|Any CPU.ActiveCfg = Debug|Any CPU
		{20A8D9A5-B6BC-4274-AD97-F6CD30AA9950}.Debug|Any CPU.Build.0 = Debug|Any CPU
		{20A8D9A5-B6BC-4274-AD97-F6CD30AA9950}.Debug|x64.ActiveCfg = Debug|Any CPU
		{20A8D9A5-B6BC-4274-AD97-F6CD30AA9950}.Debug|x64.Build.0 = Debug|Any CPU
		{20A8D9A5-B6BC-4274-AD97-F6CD30AA9950}.Debug|x86.ActiveCfg = Debug|Any CPU
		{20A8D9A5-B6BC-4274-AD97-F6CD30AA9950}.Debug|x86.Build.0 = Debug|Any CPU
		{20A8D9A5-B6BC-4274-AD97-F6CD30AA9950}.Release|Any CPU.ActiveCfg = Release|Any CPU
		{20A8D9A5-B6BC-4274-AD97-F6CD30AA9950}.Release|Any CPU.Build.0 = Release|Any CPU
		{20A8D9A5-B6BC-4274-AD97-F6CD30AA9950}.Release|x64.ActiveCfg = Release|Any CPU
		{20A8D9A5-B6BC-4274-AD97-F6CD30AA9950}.Release|x64.Build.0 = Release|Any CPU
		{20A8D9A5-B6BC-4274-AD97-F6CD30AA9950}.Release|x86.ActiveCfg = Release|Any CPU
		{20A8D9A5-B6BC-4274-AD97-F6CD30AA9950}.Release|x86.Build.0 = Release|Any CPU
		{418F066B-0980-4B3C-82AE-CA0FA59C5D5A}.Debug|Any CPU.ActiveCfg = Debug|Any CPU
		{418F066B-0980-4B3C-82AE-CA0FA59C5D5A}.Debug|Any CPU.Build.0 = Debug|Any CPU
		{418F066B-0980-4B3C-82AE-CA0FA59C5D5A}.Debug|x64.ActiveCfg = Debug|Any CPU
		{418F066B-0980-4B3C-82AE-CA0FA59C5D5A}.Debug|x64.Build.0 = Debug|Any CPU
		{418F066B-0980-4B3C-82AE-CA0FA59C5D5A}.Debug|x86.ActiveCfg = Debug|Any CPU
		{418F066B-0980-4B3C-82AE-CA0FA59C5D5A}.Debug|x86.Build.0 = Debug|Any CPU
		{418F066B-0980-4B3C-82AE-CA0FA59C5D5A}.Release|Any CPU.ActiveCfg = Release|Any CPU
		{418F066B-0980-4B3C-82AE-CA0FA59C5D5A}.Release|Any CPU.Build.0 = Release|Any CPU
		{418F066B-0980-4B3C-82AE-CA0FA59C5D5A}.Release|x64.ActiveCfg = Release|Any CPU
		{418F066B-0980-4B3C-82AE-CA0FA59C5D5A}.Release|x64.Build.0 = Release|Any CPU
		{418F066B-0980-4B3C-82AE-CA0FA59C5D5A}.Release|x86.ActiveCfg = Release|Any CPU
		{418F066B-0980-4B3C-82AE-CA0FA59C5D5A}.Release|x86.Build.0 = Release|Any CPU
		{E32014DB-4EA6-4244-93AB-15B38B028675}.Debug|Any CPU.ActiveCfg = Debug|Any CPU
		{E32014DB-4EA6-4244-93AB-15B38B028675}.Debug|Any CPU.Build.0 = Debug|Any CPU
		{E32014DB-4EA6-4244-93AB-15B38B028675}.Debug|x64.ActiveCfg = Debug|Any CPU
		{E32014DB-4EA6-4244-93AB-15B38B028675}.Debug|x64.Build.0 = Debug|Any CPU
		{E32014DB-4EA6-4244-93AB-15B38B028675}.Debug|x86.ActiveCfg = Debug|Any CPU
		{E32014DB-4EA6-4244-93AB-15B38B028675}.Debug|x86.Build.0 = Debug|Any CPU
		{E32014DB-4EA6-4244-93AB-15B38B028675}.Release|Any CPU.ActiveCfg = Release|Any CPU
		{E32014DB-4EA6-4244-93AB-15B38B028675}.Release|Any CPU.Build.0 = Release|Any CPU
		{E32014DB-4EA6-4244-93AB-15B38B028675}.Release|x64.ActiveCfg = Release|Any CPU
		{E32014DB-4EA6-4244-93AB-15B38B028675}.Release|x64.Build.0 = Release|Any CPU
		{E32014DB-4EA6-4244-93AB-15B38B028675}.Release|x86.ActiveCfg = Release|Any CPU
		{E32014DB-4EA6-4244-93AB-15B38B028675}.Release|x86.Build.0 = Release|Any CPU
		{276181A5-5C07-4EDB-9300-BB5367FB8960}.Debug|Any CPU.ActiveCfg = Debug|Any CPU
		{276181A5-5C07-4EDB-9300-BB5367FB8960}.Debug|Any CPU.Build.0 = Debug|Any CPU
		{276181A5-5C07-4EDB-9300-BB5367FB8960}.Debug|x64.ActiveCfg = Debug|Any CPU
		{276181A5-5C07-4EDB-9300-BB5367FB8960}.Debug|x64.Build.0 = Debug|Any CPU
		{276181A5-5C07-4EDB-9300-BB5367FB8960}.Debug|x86.ActiveCfg = Debug|Any CPU
		{276181A5-5C07-4EDB-9300-BB5367FB8960}.Debug|x86.Build.0 = Debug|Any CPU
		{276181A5-5C07-4EDB-9300-BB5367FB8960}.Release|Any CPU.ActiveCfg = Release|Any CPU
		{276181A5-5C07-4EDB-9300-BB5367FB8960}.Release|Any CPU.Build.0 = Release|Any CPU
		{276181A5-5C07-4EDB-9300-BB5367FB8960}.Release|x64.ActiveCfg = Release|Any CPU
		{276181A5-5C07-4EDB-9300-BB5367FB8960}.Release|x64.Build.0 = Release|Any CPU
		{276181A5-5C07-4EDB-9300-BB5367FB8960}.Release|x86.ActiveCfg = Release|Any CPU
		{276181A5-5C07-4EDB-9300-BB5367FB8960}.Release|x86.Build.0 = Release|Any CPU
		{04BAC477-BE67-436A-AA65-1B8157228ABF}.Debug|Any CPU.ActiveCfg = Debug|Any CPU
		{04BAC477-BE67-436A-AA65-1B8157228ABF}.Debug|Any CPU.Build.0 = Debug|Any CPU
		{04BAC477-BE67-436A-AA65-1B8157228ABF}.Debug|x64.ActiveCfg = Debug|Any CPU
		{04BAC477-BE67-436A-AA65-1B8157228ABF}.Debug|x64.Build.0 = Debug|Any CPU
		{04BAC477-BE67-436A-AA65-1B8157228ABF}.Debug|x86.ActiveCfg = Debug|Any CPU
		{04BAC477-BE67-436A-AA65-1B8157228ABF}.Debug|x86.Build.0 = Debug|Any CPU
		{04BAC477-BE67-436A-AA65-1B8157228ABF}.Release|Any CPU.ActiveCfg = Release|Any CPU
		{04BAC477-BE67-436A-AA65-1B8157228ABF}.Release|Any CPU.Build.0 = Release|Any CPU
		{04BAC477-BE67-436A-AA65-1B8157228ABF}.Release|x64.ActiveCfg = Release|Any CPU
		{04BAC477-BE67-436A-AA65-1B8157228ABF}.Release|x64.Build.0 = Release|Any CPU
		{04BAC477-BE67-436A-AA65-1B8157228ABF}.Release|x86.ActiveCfg = Release|Any CPU
		{04BAC477-BE67-436A-AA65-1B8157228ABF}.Release|x86.Build.0 = Release|Any CPU
		{15741778-6F62-4796-A502-ABBD75A1672C}.Debug|Any CPU.ActiveCfg = Debug|Any CPU
		{15741778-6F62-4796-A502-ABBD75A1672C}.Debug|Any CPU.Build.0 = Debug|Any CPU
		{15741778-6F62-4796-A502-ABBD75A1672C}.Debug|x64.ActiveCfg = Debug|Any CPU
		{15741778-6F62-4796-A502-ABBD75A1672C}.Debug|x64.Build.0 = Debug|Any CPU
		{15741778-6F62-4796-A502-ABBD75A1672C}.Debug|x86.ActiveCfg = Debug|Any CPU
		{15741778-6F62-4796-A502-ABBD75A1672C}.Debug|x86.Build.0 = Debug|Any CPU
		{15741778-6F62-4796-A502-ABBD75A1672C}.Release|Any CPU.ActiveCfg = Release|Any CPU
		{15741778-6F62-4796-A502-ABBD75A1672C}.Release|Any CPU.Build.0 = Release|Any CPU
		{15741778-6F62-4796-A502-ABBD75A1672C}.Release|x64.ActiveCfg = Release|Any CPU
		{15741778-6F62-4796-A502-ABBD75A1672C}.Release|x64.Build.0 = Release|Any CPU
		{15741778-6F62-4796-A502-ABBD75A1672C}.Release|x86.ActiveCfg = Release|Any CPU
		{15741778-6F62-4796-A502-ABBD75A1672C}.Release|x86.Build.0 = Release|Any CPU
	EndGlobalSection
	GlobalSection(SolutionProperties) = preSolution
		HideSolutionNode = FALSE
	EndGlobalSection
	GlobalSection(ExtensibilityGlobals) = postSolution
		SolutionGuid = {38564F1A-225C-4571-A515-2572E23CC910}
	EndGlobalSection
EndGlobal
